uuid: 23572d88-ce12-4c57-a085-3e3b524a05ba
langcode: en
status: true
dependencies:
  module:
    - farm_location
third_party_settings:
  farm_location:
    is_location: true
    is_fixed: true
_core:
  default_config_hash: GIUbM1rBwzJ4cy_XXjYNpFdfSZBqZsCYYT0ToMwLyJs
id: block
label: Block
description: ''
workflow: asset_default
new_revision: true
