uuid: 5633bb54-e9cb-4ce1-b6e6-1c9a813996cb
langcode: en
status: true
dependencies:
  module:
    - farm_location
third_party_settings:
  farm_location:
    is_location: true
    is_fixed: true
_core:
  default_config_hash: GIUbM1rBwzJ4cy_XXjYNpFdfSZBqZsCYYT0ToMwLyJs
id: block
label: Block
description: ''
workflow: asset_default
new_revision: true
