uuid: 1e98e315-d89b-4f3c-887e-da9d0fe10f82
langcode: en
status: true
dependencies:
  module:
    - farm_location
third_party_settings:
  farm_location:
    is_location: true
    is_fixed: true
_core:
  default_config_hash: GIUbM1rBwzJ4cy_XXjYNpFdfSZBqZsCYYT0ToMwLyJs
id: block
label: Block
description: ''
workflow: asset_default
new_revision: true
